
Microsoft Visual Studio Solution File, Format Version 12.00
# Visual Studio 2010
Project("{FAE04EC0-301F-11D3-BF4B-00C04F79EFBC}") = "ABuilder", "ABuilder\ABuilder.csproj", "{D7F50BB3-8942-4473-90A2-A53AAF71A18E}"
EndProject
Global
	GlobalSection(SolutionConfigurationPlatforms) = preSolution
		Debug|Any CPU = Debug|Any CPU
		Release|Any CPU = Release|Any CPU
	EndGlobalSection
	GlobalSection(ProjectConfigurationPlatforms) = postSolution
		{D7F50BB3-8942-4473-90A2-A53AAF71A18E}.Debug|Any CPU.ActiveCfg = Debug|Any CPU
		{D7F50BB3-8942-4473-90A2-A53AAF71A18E}.Debug|Any CPU.Build.0 = Debug|Any CPU
		{D7F50BB3-8942-4473-90A2-A53AAF71A18E}.Release|Any CPU.ActiveCfg = Release|Any CPU
		{D7F50BB3-8942-4473-90A2-A53AAF71A18E}.Release|Any CPU.Build.0 = Release|Any CPU
	EndGlobalSection
	GlobalSection(SolutionProperties) = preSolution
		HideSolutionNode = FALSE
	EndGlobalSection
EndGlobal
